
Microsoft Visual Studio Solution File, Format Version 12.00
# Visual Studio 14
VisualStudioVersion = 14.0.25420.1
MinimumVisualStudioVersion = 10.0.40219.1
Project("{FAE04EC0-301F-11D3-BF4B-00C04F79EFBC}") = "GerenciamentoDeClinica", "GerenciamentoDeClinica\GerenciamentoDeClinica.csproj", "{BE4A479E-1CB7-41F2-A773-CD2E3801CC75}"
EndProject
Project("{FAE04EC0-301F-11D3-BF4B-00C04F79EFBC}") = "ClinicaService", "ClinicaService\ClinicaService.csproj", "{1969D706-93BC-45EF-9D68-9613B7E7D160}"
EndProject
Project("{FAE04EC0-301F-11D3-BF4B-00C04F79EFBC}") = "ClinicaServiceLibrary", "ClinicaServiceLibrary\ClinicaServiceLibrary.csproj", "{B68B7F6A-504C-4E0B-B105-44968C701EB6}"
EndProject
Project("{FAE04EC0-301F-11D3-BF4B-00C04F79EFBC}") = "Atendimento", "Atendimento\Atendimento.csproj", "{6D6B209D-282E-4F90-8774-FD6D31D87EF8}"
EndProject
Global
	GlobalSection(SolutionConfigurationPlatforms) = preSolution
		Debug|Any CPU = Debug|Any CPU
		Release|Any CPU = Release|Any CPU
	EndGlobalSection
	GlobalSection(ProjectConfigurationPlatforms) = postSolution
		{BE4A479E-1CB7-41F2-A773-CD2E3801CC75}.Debug|Any CPU.ActiveCfg = Debug|Any CPU
		{BE4A479E-1CB7-41F2-A773-CD2E3801CC75}.Debug|Any CPU.Build.0 = Debug|Any CPU
		{BE4A479E-1CB7-41F2-A773-CD2E3801CC75}.Release|Any CPU.ActiveCfg = Release|Any CPU
		{BE4A479E-1CB7-41F2-A773-CD2E3801CC75}.Release|Any CPU.Build.0 = Release|Any CPU
		{1969D706-93BC-45EF-9D68-9613B7E7D160}.Debug|Any CPU.ActiveCfg = Debug|Any CPU
		{1969D706-93BC-45EF-9D68-9613B7E7D160}.Debug|Any CPU.Build.0 = Debug|Any CPU
		{1969D706-93BC-45EF-9D68-9613B7E7D160}.Release|Any CPU.ActiveCfg = Release|Any CPU
		{1969D706-93BC-45EF-9D68-9613B7E7D160}.Release|Any CPU.Build.0 = Release|Any CPU
		{B68B7F6A-504C-4E0B-B105-44968C701EB6}.Debug|Any CPU.ActiveCfg = Debug|Any CPU
		{B68B7F6A-504C-4E0B-B105-44968C701EB6}.Debug|Any CPU.Build.0 = Debug|Any CPU
		{B68B7F6A-504C-4E0B-B105-44968C701EB6}.Release|Any CPU.ActiveCfg = Release|Any CPU
		{B68B7F6A-504C-4E0B-B105-44968C701EB6}.Release|Any CPU.Build.0 = Release|Any CPU
		{6D6B209D-282E-4F90-8774-FD6D31D87EF8}.Debug|Any CPU.ActiveCfg = Debug|Any CPU
		{6D6B209D-282E-4F90-8774-FD6D31D87EF8}.Debug|Any CPU.Build.0 = Debug|Any CPU
		{6D6B209D-282E-4F90-8774-FD6D31D87EF8}.Release|Any CPU.ActiveCfg = Release|Any CPU
		{6D6B209D-282E-4F90-8774-FD6D31D87EF8}.Release|Any CPU.Build.0 = Release|Any CPU
	EndGlobalSection
	GlobalSection(SolutionProperties) = preSolution
		HideSolutionNode = FALSE
	EndGlobalSection
EndGlobal
